<?xml version="1.0" encoding="utf-8"?>
<Project ToolsVersion="4.0" xmlns="http://schemas.microsoft.com/developer/msbuild/2003">
  <ItemGroup>
    <Filter Include="Fichiers de ressources">
      <UniqueIdentifier>{67DA6AB6-F800-4c08-8B7A-83BB121AAD01}</UniqueIdentifier>
      <Extensions>rc;ico;cur;bmp;dlg;rc2;rct;bin;rgs;gif;jpg;jpeg;jpe;resx;tiff;tif;png;wav;mfcribbon-ms</Extensions>
    </Filter>
    <Filter Include="Shaders">
      <UniqueIdentifier>{718fc26e-80a3-49d0-8667-10b875dd0844}</UniqueIdentifier>
    </Filter>
    <Filter Include="Renderable">
      <UniqueIdentifier>{8b45d8df-a2f2-4181-95c4-ae33f9b0a7ef}</UniqueIdentifier>
    </Filter>
    <Filter Include="imgui">
      <UniqueIdentifier>{07fa6402-cf01-4d99-908c-221343ac0554}</UniqueIdentifier>
    </Filter>
    <Filter Include="Utils">
      <UniqueIdentifier>{1c2402ba-cf2d-4960-bdce-b3cbda17289b}</UniqueIdentifier>
    </Filter>
    <Filter Include="Game">
      <UniqueIdentifier>{97b6b451-2e8b-40e7-aafc-d33fa3db6741}</UniqueIdentifier>
    </Filter>
    <Filter Include="Game\Systems">
      <UniqueIdentifier>{a6698b40-74e8-4c56-a256-525e3a6d6f4c}</UniqueIdentifier>
    </Filter>
    <Filter Include="Game\Systems\PhysicSystem">
      <UniqueIdentifier>{57addd2d-e129-4ae6-a03a-ad3373820b36}</UniqueIdentifier>
    </Filter>
  </ItemGroup>
  <ItemGroup>
    <ClCompile Include="Renderable.cpp">
      <Filter>Renderable</Filter>
    </ClCompile>
    <ClCompile Include="Texture.cpp">
      <Filter>Renderable</Filter>
    </ClCompile>
    <ClCompile Include="Shader.cpp">
      <Filter>Renderable</Filter>
    </ClCompile>
    <ClCompile Include="GameProgram.cpp">
      <Filter>Game</Filter>
    </ClCompile>
    <ClCompile Include="main.cpp">
      <Filter>Game</Filter>
    </ClCompile>
    <ClCompile Include="Viewer.cpp">
      <Filter>Game</Filter>
    </ClCompile>
    <ClCompile Include="imgui.cpp">
      <Filter>imgui</Filter>
    </ClCompile>
    <ClCompile Include="imgui_demo.cpp">
      <Filter>imgui</Filter>
    </ClCompile>
    <ClCompile Include="imgui_draw.cpp">
      <Filter>imgui</Filter>
    </ClCompile>
    <ClCompile Include="imgui_impl_sdl_gl3.cpp">
      <Filter>imgui</Filter>
    </ClCompile>
    <ClCompile Include="Model.cpp">
      <Filter>Renderable</Filter>
    </ClCompile>
    <ClCompile Include="Primitive.cpp">
      <Filter>Renderable</Filter>
    </ClCompile>
    <ClCompile Include="Mesh.cpp">
      <Filter>Renderable</Filter>
    </ClCompile>
    <ClCompile Include="InputHandler.cpp">
      <Filter>Game</Filter>
    </ClCompile>
    <ClCompile Include="EntityEditionPanel.cpp">
      <Filter>Game</Filter>
    </ClCompile>
    <ClCompile Include="PickingSystem.cpp">
      <Filter>Game</Filter>
    </ClCompile>
    <ClCompile Include="Singleton.cpp">
      <Filter>Utils</Filter>
    </ClCompile>
    <ClCompile Include="Editor.cpp">
      <Filter>Game</Filter>
    </ClCompile>
    <ClCompile Include="Game.cpp">
      <Filter>Game</Filter>
    </ClCompile>
    <ClCompile Include="ProgramState.cpp">
      <Filter>Game</Filter>
    </ClCompile>
    <ClCompile Include="tinyxml2.cpp">
      <Filter>Utils</Filter>
    </ClCompile>
    <ClCompile Include="FiniteStateMachine.cpp">
      <Filter>Game</Filter>
    </ClCompile>
    <ClCompile Include="PhysicConstraint.cpp">
      <Filter>Game\Systems\PhysicSystem</Filter>
    </ClCompile>
    <ClCompile Include="EntityHierarchy.cpp">
      <Filter>Game</Filter>
    </ClCompile>
  </ItemGroup>
  <ItemGroup>
    <None Include="packages.config" />
    <None Include="vertex_shader.glsl">
      <Filter>Shaders</Filter>
    </None>
    <None Include="fragment_shader.glsl">
      <Filter>Shaders</Filter>
    </None>
    <None Include="fragment_color_shader.glsl">
      <Filter>Shaders</Filter>
    </None>
    <None Include="vertex_color_shader.glsl">
      <Filter>Shaders</Filter>
    </None>
    <None Include="fragment_grid.glsl">
      <Filter>Shaders</Filter>
    </None>
    <None Include="vertex_debug_bullet_shader.glsl">
      <Filter>Shaders</Filter>
    </None>
    <None Include="vertex_cubemap.glsl">
      <Filter>Shaders</Filter>
    </None>
    <None Include="fragment_cubemap.glsl">
      <Filter>Shaders</Filter>
    </None>
  </ItemGroup>
  <ItemGroup>
    <ClInclude Include="Renderable.h">
      <Filter>Renderable</Filter>
    </ClInclude>
    <ClInclude Include="Texture.h">
      <Filter>Renderable</Filter>
    </ClInclude>
    <ClInclude Include="Shader.h">
      <Filter>Renderable</Filter>
    </ClInclude>
    <ClInclude Include="GameProgram.h">
      <Filter>Game</Filter>
    </ClInclude>
    <ClInclude Include="Viewer.h">
      <Filter>Game</Filter>
    </ClInclude>
    <ClInclude Include="Primitive.h">
      <Filter>Renderable</Filter>
    </ClInclude>
    <ClInclude Include="Model.h">
      <Filter>Renderable</Filter>
    </ClInclude>
    <ClInclude Include="Cube.h">
      <Filter>Renderable</Filter>
    </ClInclude>
    <ClInclude Include="Manager.h">
      <Filter>Game</Filter>
    </ClInclude>
    <ClInclude Include="imconfig.h">
      <Filter>imgui</Filter>
    </ClInclude>
    <ClInclude Include="imgui.h">
      <Filter>imgui</Filter>
    </ClInclude>
    <ClInclude Include="imgui_internal.h">
      <Filter>imgui</Filter>
    </ClInclude>
    <ClInclude Include="stb_rect_pack.h">
      <Filter>imgui</Filter>
    </ClInclude>
    <ClInclude Include="stb_textedit.h">
      <Filter>imgui</Filter>
    </ClInclude>
    <ClInclude Include="stb_truetype.h">
      <Filter>imgui</Filter>
    </ClInclude>
    <ClInclude Include="imgui_impl_sdl_gl3.h">
      <Filter>imgui</Filter>
    </ClInclude>
    <ClInclude Include="LocalTransform.h">
      <Filter>Renderable</Filter>
    </ClInclude>
    <ClInclude Include="Mesh.h">
      <Filter>Renderable</Filter>
    </ClInclude>
    <ClInclude Include="InputHandler.h">
      <Filter>Game</Filter>
    </ClInclude>
    <ClInclude Include="EntityEditionPanel.h">
      <Filter>Game</Filter>
    </ClInclude>
    <ClInclude Include="Singleton.h">
      <Filter>Utils</Filter>
    </ClInclude>
    <ClInclude Include="Editor.h">
      <Filter>Game</Filter>
    </ClInclude>
    <ClInclude Include="Game.h">
      <Filter>Game</Filter>
    </ClInclude>
    <ClInclude Include="ProgramState.h">
      <Filter>Game</Filter>
    </ClInclude>
    <ClInclude Include="Components.h">
      <Filter>Game</Filter>
    </ClInclude>
    <ClInclude Include="RenderSystem.h">
      <Filter>Game\Systems</Filter>
    </ClInclude>
    <ClInclude Include="World.h">
      <Filter>Game</Filter>
    </ClInclude>
    <ClInclude Include="tinyxml2.h">
      <Filter>Utils</Filter>
    </ClInclude>
    <ClInclude Include="FiniteStateMachine.h">
      <Filter>Game</Filter>
    </ClInclude>
    <ClInclude Include="ScriptSystem.h">
      <Filter>Game\Systems</Filter>
    </ClInclude>
    <ClInclude Include="PickingSystem.h">
      <Filter>Game\Systems</Filter>
    </ClInclude>
    <ClInclude Include="PhysicSystem.h">
      <Filter>Game\Systems\PhysicSystem</Filter>
    </ClInclude>
    <ClInclude Include="PhysicConstraint.h">
      <Filter>Game\Systems\PhysicSystem</Filter>
    </ClInclude>
    <ClInclude Include="AttackSystem.h">
      <Filter>Game\Systems</Filter>
    </ClInclude>
    <ClInclude Include="PhysicConstraintSystem.h">
      <Filter>Game\Systems\PhysicSystem</Filter>
    </ClInclude>
    <ClInclude Include="MovementSystem.h">
      <Filter>Game\Systems</Filter>
    </ClInclude>
    <ClInclude Include="EntityHierarchy.h">
      <Filter>Game</Filter>
    </ClInclude>
  </ItemGroup>
</Project>