<?xml version="1.0" encoding="utf-8"?>
<Project ToolsVersion="4.0" xmlns="http://schemas.microsoft.com/developer/msbuild/2003">
  <ItemGroup>
    <Filter Include="Fichiers de ressources">
      <UniqueIdentifier>{67DA6AB6-F800-4c08-8B7A-83BB121AAD01}</UniqueIdentifier>
      <Extensions>rc;ico;cur;bmp;dlg;rc2;rct;bin;rgs;gif;jpg;jpeg;jpe;resx;tiff;tif;png;wav;mfcribbon-ms</Extensions>
    </Filter>
    <Filter Include="Shaders">
      <UniqueIdentifier>{718fc26e-80a3-49d0-8667-10b875dd0844}</UniqueIdentifier>
    </Filter>
    <Filter Include="Renderable">
      <UniqueIdentifier>{8b45d8df-a2f2-4181-95c4-ae33f9b0a7ef}</UniqueIdentifier>
    </Filter>
    <Filter Include="Editor">
      <UniqueIdentifier>{97b6b451-2e8b-40e7-aafc-d33fa3db6741}</UniqueIdentifier>
    </Filter>
    <Filter Include="imgui">
      <UniqueIdentifier>{07fa6402-cf01-4d99-908c-221343ac0554}</UniqueIdentifier>
    </Filter>
    <Filter Include="Utils">
      <UniqueIdentifier>{1c2402ba-cf2d-4960-bdce-b3cbda17289b}</UniqueIdentifier>
    </Filter>
    <Filter Include="Systems">
      <UniqueIdentifier>{5c59042a-5709-47c2-ad22-a319e3898ee2}</UniqueIdentifier>
    </Filter>
  </ItemGroup>
  <ItemGroup>
    <ClCompile Include="Renderable.cpp">
      <Filter>Renderable</Filter>
    </ClCompile>
    <ClCompile Include="Texture.cpp">
      <Filter>Renderable</Filter>
    </ClCompile>
    <ClCompile Include="Shader.cpp">
      <Filter>Renderable</Filter>
    </ClCompile>
    <ClCompile Include="GameProgram.cpp">
      <Filter>Editor</Filter>
    </ClCompile>
    <ClCompile Include="main.cpp">
      <Filter>Editor</Filter>
    </ClCompile>
    <ClCompile Include="Viewer.cpp">
      <Filter>Editor</Filter>
    </ClCompile>
    <ClCompile Include="Scene.cpp">
      <Filter>Editor</Filter>
    </ClCompile>
    <ClCompile Include="Entity.cpp">
      <Filter>Renderable</Filter>
    </ClCompile>
    <ClCompile Include="imgui.cpp">
      <Filter>imgui</Filter>
    </ClCompile>
    <ClCompile Include="imgui_demo.cpp">
      <Filter>imgui</Filter>
    </ClCompile>
    <ClCompile Include="imgui_draw.cpp">
      <Filter>imgui</Filter>
    </ClCompile>
    <ClCompile Include="imgui_impl_sdl_gl3.cpp">
      <Filter>imgui</Filter>
    </ClCompile>
    <ClCompile Include="Model.cpp">
      <Filter>Renderable</Filter>
    </ClCompile>
    <ClCompile Include="BoundingBox.cpp">
      <Filter>Renderable</Filter>
    </ClCompile>
    <ClCompile Include="Primitive.cpp">
      <Filter>Renderable</Filter>
    </ClCompile>
    <ClCompile Include="Mesh.cpp">
      <Filter>Renderable</Filter>
    </ClCompile>
    <ClCompile Include="InputHandler.cpp">
      <Filter>Editor</Filter>
    </ClCompile>
    <ClCompile Include="EntityEditionPanel.cpp">
      <Filter>Editor</Filter>
    </ClCompile>
    <ClCompile Include="PickingSystem.cpp">
      <Filter>Editor</Filter>
    </ClCompile>
    <ClCompile Include="Singleton.cpp">
      <Filter>Utils</Filter>
    </ClCompile>
    <ClCompile Include="Editor.cpp">
      <Filter>Editor</Filter>
    </ClCompile>
    <ClCompile Include="Game.cpp">
      <Filter>Editor</Filter>
    </ClCompile>
    <ClCompile Include="ProgramState.cpp">
      <Filter>Editor</Filter>
    </ClCompile>
  </ItemGroup>
  <ItemGroup>
    <None Include="packages.config" />
    <None Include="vertex_shader.glsl">
      <Filter>Shaders</Filter>
    </None>
    <None Include="fragment_shader.glsl">
      <Filter>Shaders</Filter>
    </None>
    <None Include="fragment_color_shader.glsl">
      <Filter>Shaders</Filter>
    </None>
    <None Include="vertex_color_shader.glsl">
      <Filter>Shaders</Filter>
    </None>
    <None Include="fragment_grid.glsl">
      <Filter>Shaders</Filter>
    </None>
  </ItemGroup>
  <ItemGroup>
    <ClInclude Include="Renderable.h">
      <Filter>Renderable</Filter>
    </ClInclude>
    <ClInclude Include="Texture.h">
      <Filter>Renderable</Filter>
    </ClInclude>
    <ClInclude Include="Shader.h">
      <Filter>Renderable</Filter>
    </ClInclude>
    <ClInclude Include="GameProgram.h">
      <Filter>Editor</Filter>
    </ClInclude>
    <ClInclude Include="Viewer.h">
      <Filter>Editor</Filter>
    </ClInclude>
    <ClInclude Include="Primitive.h">
      <Filter>Renderable</Filter>
    </ClInclude>
    <ClInclude Include="Model.h">
      <Filter>Renderable</Filter>
    </ClInclude>
    <ClInclude Include="Cube.h">
      <Filter>Renderable</Filter>
    </ClInclude>
    <ClInclude Include="Scene.h">
      <Filter>Editor</Filter>
    </ClInclude>
    <ClInclude Include="Manager.h">
      <Filter>Editor</Filter>
    </ClInclude>
    <ClInclude Include="Entity.h">
      <Filter>Renderable</Filter>
    </ClInclude>
    <ClInclude Include="imconfig.h">
      <Filter>imgui</Filter>
    </ClInclude>
    <ClInclude Include="imgui.h">
      <Filter>imgui</Filter>
    </ClInclude>
    <ClInclude Include="imgui_internal.h">
      <Filter>imgui</Filter>
    </ClInclude>
    <ClInclude Include="stb_rect_pack.h">
      <Filter>imgui</Filter>
    </ClInclude>
    <ClInclude Include="stb_textedit.h">
      <Filter>imgui</Filter>
    </ClInclude>
    <ClInclude Include="stb_truetype.h">
      <Filter>imgui</Filter>
    </ClInclude>
    <ClInclude Include="imgui_impl_sdl_gl3.h">
      <Filter>imgui</Filter>
    </ClInclude>
    <ClInclude Include="BoundingBox.h">
      <Filter>Renderable</Filter>
    </ClInclude>
    <ClInclude Include="LocalTransform.h">
      <Filter>Renderable</Filter>
    </ClInclude>
    <ClInclude Include="Mesh.h">
      <Filter>Renderable</Filter>
    </ClInclude>
    <ClInclude Include="InputHandler.h">
      <Filter>Editor</Filter>
    </ClInclude>
    <ClInclude Include="EntityEditionPanel.h">
      <Filter>Editor</Filter>
    </ClInclude>
    <ClInclude Include="PickingSystem.h">
      <Filter>Editor</Filter>
    </ClInclude>
    <ClInclude Include="Singleton.h">
      <Filter>Utils</Filter>
    </ClInclude>
    <ClInclude Include="Editor.h">
      <Filter>Editor</Filter>
    </ClInclude>
    <ClInclude Include="Game.h">
      <Filter>Editor</Filter>
    </ClInclude>
    <ClInclude Include="ProgramState.h">
      <Filter>Editor</Filter>
    </ClInclude>
  </ItemGroup>
</Project>